// !$*UTF8*$!
{
	archiveVersion = 1;
	classes = {
	};
	objectVersion = 55;
	objects = {

/* Begin PBXBuildFile section */
		520C1C48279EED7700D1383A /* BusinessMap.swift in Sources */ = {isa = PBXBuildFile; fileRef = 520C1C47279EED7700D1383A /* BusinessMap.swift */; };
		52149B5127A2E9DF00FBF1F8 /* DirectionView.swift in Sources */ = {isa = PBXBuildFile; fileRef = 52149B5027A2E9DF00FBF1F8 /* DirectionView.swift */; };
		52149B5327A2EA1A00FBF1F8 /* BusinessTitle.swift in Sources */ = {isa = PBXBuildFile; fileRef = 52149B5227A2EA1A00FBF1F8 /* BusinessTitle.swift */; };
		52149B5527A2ED6700FBF1F8 /* DirectionMap.swift in Sources */ = {isa = PBXBuildFile; fileRef = 52149B5427A2ED6700FBF1F8 /* DirectionMap.swift */; };
		5215C698279BAC8300856EF6 /* BusinessRow.swift in Sources */ = {isa = PBXBuildFile; fileRef = 5215C697279BAC8300856EF6 /* BusinessRow.swift */; };
		5222581C2798AA84006F1AF3 /* CitySightsExplorerApp.swift in Sources */ = {isa = PBXBuildFile; fileRef = 5222581B2798AA84006F1AF3 /* CitySightsExplorerApp.swift */; };
		5222581E2798AA84006F1AF3 /* LaunchView.swift in Sources */ = {isa = PBXBuildFile; fileRef = 5222581D2798AA84006F1AF3 /* LaunchView.swift */; };
		522258202798AA85006F1AF3 /* Assets.xcassets in Resources */ = {isa = PBXBuildFile; fileRef = 5222581F2798AA85006F1AF3 /* Assets.xcassets */; };
		522258232798AA85006F1AF3 /* Preview Assets.xcassets in Resources */ = {isa = PBXBuildFile; fileRef = 522258222798AA85006F1AF3 /* Preview Assets.xcassets */; };
		5222582D2798AAFE006F1AF3 /* ContentModel.swift in Sources */ = {isa = PBXBuildFile; fileRef = 5222582C2798AAFE006F1AF3 /* ContentModel.swift */; };
		5222582F2798AFEC006F1AF3 /* Business.swift in Sources */ = {isa = PBXBuildFile; fileRef = 5222582E2798AFEC006F1AF3 /* Business.swift */; };
		522258312798B1D8006F1AF3 /* BusinessSearch.swift in Sources */ = {isa = PBXBuildFile; fileRef = 522258302798B1D8006F1AF3 /* BusinessSearch.swift */; };
		5256329A2798B6D300B44B8A /* Constants.swift in Sources */ = {isa = PBXBuildFile; fileRef = 525632992798B6D300B44B8A /* Constants.swift */; };
		526B91462799B1CA005E0D8D /* HomeView.swift in Sources */ = {isa = PBXBuildFile; fileRef = 526B91452799B1CA005E0D8D /* HomeView.swift */; };
		526B91492799C0A9005E0D8D /* BusinessList.swift in Sources */ = {isa = PBXBuildFile; fileRef = 526B91482799C0A9005E0D8D /* BusinessList.swift */; };
		526B914B2799C2EC005E0D8D /* BusinessSectionHeader.swift in Sources */ = {isa = PBXBuildFile; fileRef = 526B914A2799C2EC005E0D8D /* BusinessSectionHeader.swift */; };
		526B914D2799C38A005E0D8D /* BusinessSection.swift in Sources */ = {isa = PBXBuildFile; fileRef = 526B914C2799C38A005E0D8D /* BusinessSection.swift */; };
		526F6F5927ACAF04007F863B /* OnboardingView.swift in Sources */ = {isa = PBXBuildFile; fileRef = 526F6F5827ACAF04007F863B /* OnboardingView.swift */; };
		526F6F5B27ACB896007F863B /* LocationDeniedView.swift in Sources */ = {isa = PBXBuildFile; fileRef = 526F6F5A27ACB896007F863B /* LocationDeniedView.swift */; };
		5285D86A279E13D30048D271 /* BusinessDetailView.swift in Sources */ = {isa = PBXBuildFile; fileRef = 5285D869279E13D30048D271 /* BusinessDetailView.swift */; };
/* End PBXBuildFile section */

/* Begin PBXFileReference section */
		520C1C47279EED7700D1383A /* BusinessMap.swift */ = {isa = PBXFileReference; lastKnownFileType = sourcecode.swift; path = BusinessMap.swift; sourceTree = "<group>"; };
		52149B5027A2E9DF00FBF1F8 /* DirectionView.swift */ = {isa = PBXFileReference; lastKnownFileType = sourcecode.swift; path = DirectionView.swift; sourceTree = "<group>"; };
		52149B5227A2EA1A00FBF1F8 /* BusinessTitle.swift */ = {isa = PBXFileReference; lastKnownFileType = sourcecode.swift; path = BusinessTitle.swift; sourceTree = "<group>"; };
		52149B5427A2ED6700FBF1F8 /* DirectionMap.swift */ = {isa = PBXFileReference; lastKnownFileType = sourcecode.swift; path = DirectionMap.swift; sourceTree = "<group>"; };
		5215C697279BAC8300856EF6 /* BusinessRow.swift */ = {isa = PBXFileReference; lastKnownFileType = sourcecode.swift; path = BusinessRow.swift; sourceTree = "<group>"; };
		522258182798AA84006F1AF3 /* City Sights Explorer.app */ = {isa = PBXFileReference; explicitFileType = wrapper.application; includeInIndex = 0; path = "City Sights Explorer.app"; sourceTree = BUILT_PRODUCTS_DIR; };
		5222581B2798AA84006F1AF3 /* CitySightsExplorerApp.swift */ = {isa = PBXFileReference; lastKnownFileType = sourcecode.swift; path = CitySightsExplorerApp.swift; sourceTree = "<group>"; };
		5222581D2798AA84006F1AF3 /* LaunchView.swift */ = {isa = PBXFileReference; lastKnownFileType = sourcecode.swift; path = LaunchView.swift; sourceTree = "<group>"; };
		5222581F2798AA85006F1AF3 /* Assets.xcassets */ = {isa = PBXFileReference; lastKnownFileType = folder.assetcatalog; path = Assets.xcassets; sourceTree = "<group>"; };
		522258222798AA85006F1AF3 /* Preview Assets.xcassets */ = {isa = PBXFileReference; lastKnownFileType = folder.assetcatalog; path = "Preview Assets.xcassets"; sourceTree = "<group>"; };
		5222582C2798AAFE006F1AF3 /* ContentModel.swift */ = {isa = PBXFileReference; fileEncoding = 4; lastKnownFileType = sourcecode.swift; path = ContentModel.swift; sourceTree = "<group>"; };
		5222582E2798AFEC006F1AF3 /* Business.swift */ = {isa = PBXFileReference; lastKnownFileType = sourcecode.swift; path = Business.swift; sourceTree = "<group>"; };
		522258302798B1D8006F1AF3 /* BusinessSearch.swift */ = {isa = PBXFileReference; lastKnownFileType = sourcecode.swift; path = BusinessSearch.swift; sourceTree = "<group>"; };
		525632992798B6D300B44B8A /* Constants.swift */ = {isa = PBXFileReference; lastKnownFileType = sourcecode.swift; path = Constants.swift; sourceTree = "<group>"; };
		526B91452799B1CA005E0D8D /* HomeView.swift */ = {isa = PBXFileReference; lastKnownFileType = sourcecode.swift; path = HomeView.swift; sourceTree = "<group>"; };
		526B91482799C0A9005E0D8D /* BusinessList.swift */ = {isa = PBXFileReference; lastKnownFileType = sourcecode.swift; path = BusinessList.swift; sourceTree = "<group>"; };
		526B914A2799C2EC005E0D8D /* BusinessSectionHeader.swift */ = {isa = PBXFileReference; lastKnownFileType = sourcecode.swift; path = BusinessSectionHeader.swift; sourceTree = "<group>"; };
		526B914C2799C38A005E0D8D /* BusinessSection.swift */ = {isa = PBXFileReference; lastKnownFileType = sourcecode.swift; path = BusinessSection.swift; sourceTree = "<group>"; };
		526F6F5827ACAF04007F863B /* OnboardingView.swift */ = {isa = PBXFileReference; lastKnownFileType = sourcecode.swift; path = OnboardingView.swift; sourceTree = "<group>"; };
		526F6F5A27ACB896007F863B /* LocationDeniedView.swift */ = {isa = PBXFileReference; lastKnownFileType = sourcecode.swift; path = LocationDeniedView.swift; sourceTree = "<group>"; };
		5285D869279E13D30048D271 /* BusinessDetailView.swift */ = {isa = PBXFileReference; lastKnownFileType = sourcecode.swift; path = BusinessDetailView.swift; sourceTree = "<group>"; };
/* End PBXFileReference section */

/* Begin PBXFrameworksBuildPhase section */
		522258152798AA84006F1AF3 /* Frameworks */ = {
			isa = PBXFrameworksBuildPhase;
			buildActionMask = 2147483647;
			files = (
			);
			runOnlyForDeploymentPostprocessing = 0;
		};
/* End PBXFrameworksBuildPhase section */

/* Begin PBXGroup section */
		520C1C46279EED5600D1383A /* Map */ = {
			isa = PBXGroup;
			children = (
				520C1C47279EED7700D1383A /* BusinessMap.swift */,
				52149B5427A2ED6700FBF1F8 /* DirectionMap.swift */,
			);
			path = Map;
			sourceTree = "<group>";
		};
		5222580F2798AA84006F1AF3 = {
			isa = PBXGroup;
			children = (
				5222581A2798AA84006F1AF3 /* City Sights Explorer */,
				522258192798AA84006F1AF3 /* Products */,
			);
			sourceTree = "<group>";
		};
		522258192798AA84006F1AF3 /* Products */ = {
			isa = PBXGroup;
			children = (
				522258182798AA84006F1AF3 /* City Sights Explorer.app */,
			);
			name = Products;
			sourceTree = "<group>";
		};
		5222581A2798AA84006F1AF3 /* City Sights Explorer */ = {
			isa = PBXGroup;
			children = (
				5222581B2798AA84006F1AF3 /* CitySightsExplorerApp.swift */,
				522258292798AA8A006F1AF3 /* Models */,
				5222582A2798AA93006F1AF3 /* Views */,
				5222582B2798AAAC006F1AF3 /* ViewModels */,
				525632982798B6BD00B44B8A /* Helpers */,
				5222581F2798AA85006F1AF3 /* Assets.xcassets */,
				522258212798AA85006F1AF3 /* Preview Content */,
			);
			path = "City Sights Explorer";
			sourceTree = "<group>";
		};
		522258212798AA85006F1AF3 /* Preview Content */ = {
			isa = PBXGroup;
			children = (
				522258222798AA85006F1AF3 /* Preview Assets.xcassets */,
			);
			path = "Preview Content";
			sourceTree = "<group>";
		};
		522258292798AA8A006F1AF3 /* Models */ = {
			isa = PBXGroup;
			children = (
				5222582E2798AFEC006F1AF3 /* Business.swift */,
				522258302798B1D8006F1AF3 /* BusinessSearch.swift */,
			);
			path = Models;
			sourceTree = "<group>";
		};
		5222582A2798AA93006F1AF3 /* Views */ = {
			isa = PBXGroup;
			children = (
				5222581D2798AA84006F1AF3 /* LaunchView.swift */,
				526B91402799B169005E0D8D /* Home */,
				526B91412799B17A005E0D8D /* Denied */,
				526B91422799B181005E0D8D /* Onboarding */,
			);
			path = Views;
			sourceTree = "<group>";
		};
		5222582B2798AAAC006F1AF3 /* ViewModels */ = {
			isa = PBXGroup;
			children = (
				5222582C2798AAFE006F1AF3 /* ContentModel.swift */,
			);
			path = ViewModels;
			sourceTree = "<group>";
		};
		525632982798B6BD00B44B8A /* Helpers */ = {
			isa = PBXGroup;
			children = (
				525632992798B6D300B44B8A /* Constants.swift */,
			);
			path = Helpers;
			sourceTree = "<group>";
		};
		526B91402799B169005E0D8D /* Home */ = {
			isa = PBXGroup;
			children = (
				520C1C46279EED5600D1383A /* Map */,
				526B91452799B1CA005E0D8D /* HomeView.swift */,
				526B91472799C097005E0D8D /* List */,
			);
			path = Home;
			sourceTree = "<group>";
		};
		526B91412799B17A005E0D8D /* Denied */ = {
			isa = PBXGroup;
			children = (
				526F6F5A27ACB896007F863B /* LocationDeniedView.swift */,
			);
			path = Denied;
			sourceTree = "<group>";
		};
		526B91422799B181005E0D8D /* Onboarding */ = {
			isa = PBXGroup;
			children = (
				526F6F5827ACAF04007F863B /* OnboardingView.swift */,
			);
			path = Onboarding;
			sourceTree = "<group>";
		};
		526B91472799C097005E0D8D /* List */ = {
			isa = PBXGroup;
			children = (
				526B91482799C0A9005E0D8D /* BusinessList.swift */,
				526B914A2799C2EC005E0D8D /* BusinessSectionHeader.swift */,
				526B914C2799C38A005E0D8D /* BusinessSection.swift */,
				5215C697279BAC8300856EF6 /* BusinessRow.swift */,
				5285D868279E13C10048D271 /* Detail */,
			);
			path = List;
			sourceTree = "<group>";
		};
		5285D868279E13C10048D271 /* Detail */ = {
			isa = PBXGroup;
			children = (
				5285D869279E13D30048D271 /* BusinessDetailView.swift */,
				52149B5027A2E9DF00FBF1F8 /* DirectionView.swift */,
				52149B5227A2EA1A00FBF1F8 /* BusinessTitle.swift */,
			);
			path = Detail;
			sourceTree = "<group>";
		};
/* End PBXGroup section */

/* Begin PBXNativeTarget section */
		522258172798AA84006F1AF3 /* City Sights Explorer */ = {
			isa = PBXNativeTarget;
			buildConfigurationList = 522258262798AA85006F1AF3 /* Build configuration list for PBXNativeTarget "City Sights Explorer" */;
			buildPhases = (
				522258142798AA84006F1AF3 /* Sources */,
				522258152798AA84006F1AF3 /* Frameworks */,
				522258162798AA84006F1AF3 /* Resources */,
			);
			buildRules = (
			);
			dependencies = (
			);
			name = "City Sights Explorer";
			productName = "City Sights Explorer";
			productReference = 522258182798AA84006F1AF3 /* City Sights Explorer.app */;
			productType = "com.apple.product-type.application";
		};
/* End PBXNativeTarget section */

/* Begin PBXProject section */
		522258102798AA84006F1AF3 /* Project object */ = {
			isa = PBXProject;
			attributes = {
				BuildIndependentTargetsInParallel = 1;
				LastSwiftUpdateCheck = 1320;
				LastUpgradeCheck = 1320;
				TargetAttributes = {
					522258172798AA84006F1AF3 = {
						CreatedOnToolsVersion = 13.2.1;
					};
				};
			};
			buildConfigurationList = 522258132798AA84006F1AF3 /* Build configuration list for PBXProject "City Sights Explorer" */;
			compatibilityVersion = "Xcode 13.0";
			developmentRegion = en;
			hasScannedForEncodings = 0;
			knownRegions = (
				en,
				Base,
			);
			mainGroup = 5222580F2798AA84006F1AF3;
			productRefGroup = 522258192798AA84006F1AF3 /* Products */;
			projectDirPath = "";
			projectRoot = "";
			targets = (
				522258172798AA84006F1AF3 /* City Sights Explorer */,
			);
		};
/* End PBXProject section */

/* Begin PBXResourcesBuildPhase section */
		522258162798AA84006F1AF3 /* Resources */ = {
			isa = PBXResourcesBuildPhase;
			buildActionMask = 2147483647;
			files = (
				522258232798AA85006F1AF3 /* Preview Assets.xcassets in Resources */,
				522258202798AA85006F1AF3 /* Assets.xcassets in Resources */,
			);
			runOnlyForDeploymentPostprocessing = 0;
		};
/* End PBXResourcesBuildPhase section */

/* Begin PBXSourcesBuildPhase section */
		522258142798AA84006F1AF3 /* Sources */ = {
			isa = PBXSourcesBuildPhase;
			buildActionMask = 2147483647;
			files = (
				5222581E2798AA84006F1AF3 /* LaunchView.swift in Sources */,
				5285D86A279E13D30048D271 /* BusinessDetailView.swift in Sources */,
				52149B5127A2E9DF00FBF1F8 /* DirectionView.swift in Sources */,
				5215C698279BAC8300856EF6 /* BusinessRow.swift in Sources */,
				526B91462799B1CA005E0D8D /* HomeView.swift in Sources */,
				5222582F2798AFEC006F1AF3 /* Business.swift in Sources */,
				526F6F5B27ACB896007F863B /* LocationDeniedView.swift in Sources */,
				526B914B2799C2EC005E0D8D /* BusinessSectionHeader.swift in Sources */,
				5222581C2798AA84006F1AF3 /* CitySightsExplorerApp.swift in Sources */,
				522258312798B1D8006F1AF3 /* BusinessSearch.swift in Sources */,
				52149B5327A2EA1A00FBF1F8 /* BusinessTitle.swift in Sources */,
				526B91492799C0A9005E0D8D /* BusinessList.swift in Sources */,
				520C1C48279EED7700D1383A /* BusinessMap.swift in Sources */,
				52149B5527A2ED6700FBF1F8 /* DirectionMap.swift in Sources */,
				526B914D2799C38A005E0D8D /* BusinessSection.swift in Sources */,
				5222582D2798AAFE006F1AF3 /* ContentModel.swift in Sources */,
				526F6F5927ACAF04007F863B /* OnboardingView.swift in Sources */,
				5256329A2798B6D300B44B8A /* Constants.swift in Sources */,
			);
			runOnlyForDeploymentPostprocessing = 0;
		};
/* End PBXSourcesBuildPhase section */

/* Begin XCBuildConfiguration section */
		522258242798AA85006F1AF3 /* Debug */ = {
			isa = XCBuildConfiguration;
			buildSettings = {
				ALWAYS_SEARCH_USER_PATHS = NO;
				CLANG_ANALYZER_NONNULL = YES;
				CLANG_ANALYZER_NUMBER_OBJECT_CONVERSION = YES_AGGRESSIVE;
				CLANG_CXX_LANGUAGE_STANDARD = "gnu++17";
				CLANG_CXX_LIBRARY = "libc++";
				CLANG_ENABLE_MODULES = YES;
				CLANG_ENABLE_OBJC_ARC = YES;
				CLANG_ENABLE_OBJC_WEAK = YES;
				CLANG_WARN_BLOCK_CAPTURE_AUTORELEASING = YES;
				CLANG_WARN_BOOL_CONVERSION = YES;
				CLANG_WARN_COMMA = YES;
				CLANG_WARN_CONSTANT_CONVERSION = YES;
				CLANG_WARN_DEPRECATED_OBJC_IMPLEMENTATIONS = YES;
				CLANG_WARN_DIRECT_OBJC_ISA_USAGE = YES_ERROR;
				CLANG_WARN_DOCUMENTATION_COMMENTS = YES;
				CLANG_WARN_EMPTY_BODY = YES;
				CLANG_WARN_ENUM_CONVERSION = YES;
				CLANG_WARN_INFINITE_RECURSION = YES;
				CLANG_WARN_INT_CONVERSION = YES;
				CLANG_WARN_NON_LITERAL_NULL_CONVERSION = YES;
				CLANG_WARN_OBJC_IMPLICIT_RETAIN_SELF = YES;
				CLANG_WARN_OBJC_LITERAL_CONVERSION = YES;
				CLANG_WARN_OBJC_ROOT_CLASS = YES_ERROR;
				CLANG_WARN_QUOTED_INCLUDE_IN_FRAMEWORK_HEADER = YES;
				CLANG_WARN_RANGE_LOOP_ANALYSIS = YES;
				CLANG_WARN_STRICT_PROTOTYPES = YES;
				CLANG_WARN_SUSPICIOUS_MOVE = YES;
				CLANG_WARN_UNGUARDED_AVAILABILITY = YES_AGGRESSIVE;
				CLANG_WARN_UNREACHABLE_CODE = YES;
				CLANG_WARN__DUPLICATE_METHOD_MATCH = YES;
				COPY_PHASE_STRIP = NO;
				DEBUG_INFORMATION_FORMAT = dwarf;
				ENABLE_STRICT_OBJC_MSGSEND = YES;
				ENABLE_TESTABILITY = YES;
				GCC_C_LANGUAGE_STANDARD = gnu11;
				GCC_DYNAMIC_NO_PIC = NO;
				GCC_NO_COMMON_BLOCKS = YES;
				GCC_OPTIMIZATION_LEVEL = 0;
				GCC_PREPROCESSOR_DEFINITIONS = (
					"DEBUG=1",
					"$(inherited)",
				);
				GCC_WARN_64_TO_32_BIT_CONVERSION = YES;
				GCC_WARN_ABOUT_RETURN_TYPE = YES_ERROR;
				GCC_WARN_UNDECLARED_SELECTOR = YES;
				GCC_WARN_UNINITIALIZED_AUTOS = YES_AGGRESSIVE;
				GCC_WARN_UNUSED_FUNCTION = YES;
				GCC_WARN_UNUSED_VARIABLE = YES;
				IPHONEOS_DEPLOYMENT_TARGET = 15.2;
				MTL_ENABLE_DEBUG_INFO = INCLUDE_SOURCE;
				MTL_FAST_MATH = YES;
				ONLY_ACTIVE_ARCH = YES;
				SDKROOT = iphoneos;
				SWIFT_ACTIVE_COMPILATION_CONDITIONS = DEBUG;
				SWIFT_OPTIMIZATION_LEVEL = "-Onone";
			};
			name = Debug;
		};
		522258252798AA85006F1AF3 /* Release */ = {
			isa = XCBuildConfiguration;
			buildSettings = {
				ALWAYS_SEARCH_USER_PATHS = NO;
				CLANG_ANALYZER_NONNULL = YES;
				CLANG_ANALYZER_NUMBER_OBJECT_CONVERSION = YES_AGGRESSIVE;
				CLANG_CXX_LANGUAGE_STANDARD = "gnu++17";
				CLANG_CXX_LIBRARY = "libc++";
				CLANG_ENABLE_MODULES = YES;
				CLANG_ENABLE_OBJC_ARC = YES;
				CLANG_ENABLE_OBJC_WEAK = YES;
				CLANG_WARN_BLOCK_CAPTURE_AUTORELEASING = YES;
				CLANG_WARN_BOOL_CONVERSION = YES;
				CLANG_WARN_COMMA = YES;
				CLANG_WARN_CONSTANT_CONVERSION = YES;
				CLANG_WARN_DEPRECATED_OBJC_IMPLEMENTATIONS = YES;
				CLANG_WARN_DIRECT_OBJC_ISA_USAGE = YES_ERROR;
				CLANG_WARN_DOCUMENTATION_COMMENTS = YES;
				CLANG_WARN_EMPTY_BODY = YES;
				CLANG_WARN_ENUM_CONVERSION = YES;
				CLANG_WARN_INFINITE_RECURSION = YES;
				CLANG_WARN_INT_CONVERSION = YES;
				CLANG_WARN_NON_LITERAL_NULL_CONVERSION = YES;
				CLANG_WARN_OBJC_IMPLICIT_RETAIN_SELF = YES;
				CLANG_WARN_OBJC_LITERAL_CONVERSION = YES;
				CLANG_WARN_OBJC_ROOT_CLASS = YES_ERROR;
				CLANG_WARN_QUOTED_INCLUDE_IN_FRAMEWORK_HEADER = YES;
				CLANG_WARN_RANGE_LOOP_ANALYSIS = YES;
				CLANG_WARN_STRICT_PROTOTYPES = YES;
				CLANG_WARN_SUSPICIOUS_MOVE = YES;
				CLANG_WARN_UNGUARDED_AVAILABILITY = YES_AGGRESSIVE;
				CLANG_WARN_UNREACHABLE_CODE = YES;
				CLANG_WARN__DUPLICATE_METHOD_MATCH = YES;
				COPY_PHASE_STRIP = NO;
				DEBUG_INFORMATION_FORMAT = "dwarf-with-dsym";
				ENABLE_NS_ASSERTIONS = NO;
				ENABLE_STRICT_OBJC_MSGSEND = YES;
				GCC_C_LANGUAGE_STANDARD = gnu11;
				GCC_NO_COMMON_BLOCKS = YES;
				GCC_WARN_64_TO_32_BIT_CONVERSION = YES;
				GCC_WARN_ABOUT_RETURN_TYPE = YES_ERROR;
				GCC_WARN_UNDECLARED_SELECTOR = YES;
				GCC_WARN_UNINITIALIZED_AUTOS = YES_AGGRESSIVE;
				GCC_WARN_UNUSED_FUNCTION = YES;
				GCC_WARN_UNUSED_VARIABLE = YES;
				IPHONEOS_DEPLOYMENT_TARGET = 15.2;
				MTL_ENABLE_DEBUG_INFO = NO;
				MTL_FAST_MATH = YES;
				SDKROOT = iphoneos;
				SWIFT_COMPILATION_MODE = wholemodule;
				SWIFT_OPTIMIZATION_LEVEL = "-O";
				VALIDATE_PRODUCT = YES;
			};
			name = Release;
		};
		522258272798AA85006F1AF3 /* Debug */ = {
			isa = XCBuildConfiguration;
			buildSettings = {
				ASSETCATALOG_COMPILER_APPICON_NAME = AppIcon;
				ASSETCATALOG_COMPILER_GLOBAL_ACCENT_COLOR_NAME = AccentColor;
				CODE_SIGN_STYLE = Automatic;
				CURRENT_PROJECT_VERSION = 1;
				DEVELOPMENT_ASSET_PATHS = "\"City Sights Explorer/Preview Content\"";
				DEVELOPMENT_TEAM = XR5G243JM7;
				ENABLE_PREVIEWS = YES;
				GENERATE_INFOPLIST_FILE = YES;
				INFOPLIST_KEY_NSLocationWhenInUseUsageDescription = "Grant permission to find restaurants and sights near you.";
				INFOPLIST_KEY_UIApplicationSceneManifest_Generation = YES;
				INFOPLIST_KEY_UIApplicationSupportsIndirectInputEvents = YES;
				INFOPLIST_KEY_UILaunchScreen_Generation = YES;
				INFOPLIST_KEY_UISupportedInterfaceOrientations_iPad = "UIInterfaceOrientationPortrait UIInterfaceOrientationPortraitUpsideDown UIInterfaceOrientationLandscapeLeft UIInterfaceOrientationLandscapeRight";
				INFOPLIST_KEY_UISupportedInterfaceOrientations_iPhone = "UIInterfaceOrientationPortrait UIInterfaceOrientationLandscapeLeft UIInterfaceOrientationLandscapeRight";
				LD_RUNPATH_SEARCH_PATHS = (
					"$(inherited)",
					"@executable_path/Frameworks",
				);
				MARKETING_VERSION = 1.0;
				PRODUCT_BUNDLE_IDENTIFIER = "com.codewithvu.City-Sights-Explorer";
				PRODUCT_NAME = "$(TARGET_NAME)";
				SWIFT_EMIT_LOC_STRINGS = YES;
				SWIFT_VERSION = 5.0;
				TARGETED_DEVICE_FAMILY = "1,2";
			};
			name = Debug;
		};
		522258282798AA85006F1AF3 /* Release */ = {
			isa = XCBuildConfiguration;
			buildSettings = {
				ASSETCATALOG_COMPILER_APPICON_NAME = AppIcon;
				ASSETCATALOG_COMPILER_GLOBAL_ACCENT_COLOR_NAME = AccentColor;
				CODE_SIGN_STYLE = Automatic;
				CURRENT_PROJECT_VERSION = 1;
				DEVELOPMENT_ASSET_PATHS = "\"City Sights Explorer/Preview Content\"";
				DEVELOPMENT_TEAM = XR5G243JM7;
				ENABLE_PREVIEWS = YES;
				GENERATE_INFOPLIST_FILE = YES;
				INFOPLIST_KEY_NSLocationWhenInUseUsageDescription = "Grant permission to find restaurants and sights near you.";
				INFOPLIST_KEY_UIApplicationSceneManifest_Generation = YES;
				INFOPLIST_KEY_UIApplicationSupportsIndirectInputEvents = YES;
				INFOPLIST_KEY_UILaunchScreen_Generation = YES;
				INFOPLIST_KEY_UISupportedInterfaceOrientations_iPad = "UIInterfaceOrientationPortrait UIInterfaceOrientationPortraitUpsideDown UIInterfaceOrientationLandscapeLeft UIInterfaceOrientationLandscapeRight";
				INFOPLIST_KEY_UISupportedInterfaceOrientations_iPhone = "UIInterfaceOrientationPortrait UIInterfaceOrientationLandscapeLeft UIInterfaceOrientationLandscapeRight";
				LD_RUNPATH_SEARCH_PATHS = (
					"$(inherited)",
					"@executable_path/Frameworks",
				);
				MARKETING_VERSION = 1.0;
				PRODUCT_BUNDLE_IDENTIFIER = "com.codewithvu.City-Sights-Explorer";
				PRODUCT_NAME = "$(TARGET_NAME)";
				SWIFT_EMIT_LOC_STRINGS = YES;
				SWIFT_VERSION = 5.0;
				TARGETED_DEVICE_FAMILY = "1,2";
			};
			name = Release;
		};
/* End XCBuildConfiguration section */

/* Begin XCConfigurationList section */
		522258132798AA84006F1AF3 /* Build configuration list for PBXProject "City Sights Explorer" */ = {
			isa = XCConfigurationList;
			buildConfigurations = (
				522258242798AA85006F1AF3 /* Debug */,
				522258252798AA85006F1AF3 /* Release */,
			);
			defaultConfigurationIsVisible = 0;
			defaultConfigurationName = Release;
		};
		522258262798AA85006F1AF3 /* Build configuration list for PBXNativeTarget "City Sights Explorer" */ = {
			isa = XCConfigurationList;
			buildConfigurations = (
				522258272798AA85006F1AF3 /* Debug */,
				522258282798AA85006F1AF3 /* Release */,
			);
			defaultConfigurationIsVisible = 0;
			defaultConfigurationName = Release;
		};
/* End XCConfigurationList section */
	};
	rootObject = 522258102798AA84006F1AF3 /* Project object */;
}
